PODS:
  - cloud_firestore (2.5.3):
    - Firebase/Firestore (= 8.5.0)
    - firebase_core
    - Flutter
  - Firebase/CoreOnly (8.5.0):
    - FirebaseCore (= 8.5.0)
  - Firebase/Firestore (8.5.0):
    - Firebase/CoreOnly
    - FirebaseFirestore (~> 8.5.0)
  - firebase_core (1.7.0):
    - Firebase/CoreOnly (= 8.5.0)
    - Flutter
  - FirebaseCore (8.5.0):
    - FirebaseCoreDiagnostics (~> 8.0)
    - GoogleUtilities/Environment (~> 7.4)
    - GoogleUtilities/Logger (~> 7.4)
  - FirebaseCoreDiagnostics (8.8.0):
    - GoogleDataTransport (~> 9.0)
    - GoogleUtilities/Environment (~> 7.4)
    - GoogleUtilities/Logger (~> 7.4)
    - nanopb (~> 2.30908.0)
  - FirebaseFirestore (8.5.0):
    - FirebaseFirestore/AutodetectLeveldb (= 8.5.0)
  - FirebaseFirestore/AutodetectLeveldb (8.5.0):
    - FirebaseFirestore/Base
    - FirebaseFirestore/WithLeveldb
  - FirebaseFirestore/Base (8.5.0)
  - FirebaseFirestore/WithLeveldb (8.5.0):
    - FirebaseFirestore/Base
  - Flutter (1.0.0)
  - GoogleDataTransport (9.1.0):
    - GoogleUtilities/Environment (~> 7.2)
    - nanopb (~> 2.30908.0)
    - PromisesObjC (< 3.0, >= 1.2)
  - GoogleUtilities/Environment (7.5.2):
    - PromisesObjC (< 3.0, >= 1.2)
  - GoogleUtilities/Logger (7.5.2):
    - GoogleUtilities/Environment
  - nanopb (2.30908.0):
    - nanopb/decode (= 2.30908.0)
    - nanopb/encode (= 2.30908.0)
  - nanopb/decode (2.30908.0)
  - nanopb/encode (2.30908.0)
  - PromisesObjC (2.0.0)
  - url_launcher (0.0.1):
    - Flutter

DEPENDENCIES:
  - cloud_firestore (from `.symlinks/plugins/cloud_firestore/ios`)
  - firebase_core (from `.symlinks/plugins/firebase_core/ios`)
  - FirebaseFirestore (from `https://github.com/invertase/firestore-ios-sdk-frameworks.git`, tag `8.5.0`)
  - Flutter (from `Flutter`)
  - url_launcher (from `.symlinks/plugins/url_launcher/ios`)

SPEC REPOS:
  trunk:
    - Firebase
    - FirebaseCore
    - FirebaseCoreDiagnostics
    - GoogleDataTransport
    - GoogleUtilities
    - nanopb
    - PromisesObjC

EXTERNAL SOURCES:
  cloud_firestore:
    :path: ".symlinks/plugins/cloud_firestore/ios"
  firebase_core:
    :path: ".symlinks/plugins/firebase_core/ios"
  FirebaseFirestore:
    :git: https://github.com/invertase/firestore-ios-sdk-frameworks.git
    :tag: 8.5.0
  Flutter:
    :path: Flutter
  url_launcher:
    :path: ".symlinks/plugins/url_launcher/ios"

CHECKOUT OPTIONS:
  FirebaseFirestore:
    :git: https://github.com/invertase/firestore-ios-sdk-frameworks.git
    :tag: 8.5.0

SPEC CHECKSUMS:
  cloud_firestore: 44e3f6821f7385f2d109f54582b9a83d59ecb90c
  Firebase: ff8c73105b90e33e1dc6c8e5445d7adc2ccdc7c1
  firebase_core: 96e8933d8db497a8da37dbc32d372843823e6986
  FirebaseCore: 1c1ca72483b59b17050f5b4cec4fb748425a3901
  FirebaseCoreDiagnostics: fe77f42da6329d6d83d21fd9d621a6b704413bfc
  FirebaseFirestore: 69e4f06a375080a56ffd390fb034467b58ddeda0
  Flutter: 50d75fe2f02b26cc09d224853bb45737f8b3214a
  GoogleDataTransport: 85fd18ff3019bb85d3f2c551d04c481dedf71fc9
  GoogleUtilities: 8de2a97a17e15b6b98e38e8770e2d129a57c0040
  nanopb: a0ba3315591a9ae0a16a309ee504766e90db0c96
  PromisesObjC: 68159ce6952d93e17b2dfe273b8c40907db5ba58
  url_launcher: b6e016d912f04be9f5bf6e8e82dc599b7ba59649

PODFILE CHECKSUM: 6beb90b8afb4dc733684a8670fda852f5e0a2cd0

COCOAPODS: 1.11.2
